# Run ./gradlew writeVersionsLocks to regenerate this file

[Test dependencies]
com.google.code.findbugs:jsr305:3.0.2 (2 constraints: 1d0fb186)
com.google.errorprone:error_prone_annotations:2.36.0 (2 constraints: 820f2aa1)
com.google.guava:failureaccess:1.0.2 (1 constraints: 150ae2b4)
com.google.guava:guava:33.4.0-jre (1 constraints: 2a18a96b)
com.google.guava:listenablefuture:9999.0-empty-to-avoid-conflict-with-guava (1 constraints: bd17c918)
com.google.j2objc:j2objc-annotations:3.0.0 (1 constraints: 150aeab4)
com.palantir.gradle.plugintesting:plugin-testing-core:0.6.0 (1 constraints: 0805fd35)
org.checkerframework:checker-qual:3.43.0 (1 constraints: 4c0a4abf)
